// !$*UTF8*$!
{
	archiveVersion = 1;
	classes = {
	};
	objectVersion = 46;
	objects = {

/* Begin PBXBuildFile section */
		495554CF2A1E1A34000977EC /* OneginiSDKiOS+Extensions.swift in Sources */ = {isa = PBXBuildFile; fileRef = 495554CE2A1E1A34000977EC /* OneginiSDKiOS+Extensions.swift */; };
		495554D12A1E24BD000977EC /* ResponseStructs.swift in Sources */ = {isa = PBXBuildFile; fileRef = 495554D02A1E24BD000977EC /* ResponseStructs.swift */; };
		4960B01428DDAB830072B103 /* OneginiWrapperErrors.swift in Sources */ = {isa = PBXBuildFile; fileRef = 4960B01328DDAB830072B103 /* OneginiWrapperErrors.swift */; };
		496788ED28C8CD0100EB65A8 /* ChangePinHandler.swift in Sources */ = {isa = PBXBuildFile; fileRef = 496788EC28C8CD0100EB65A8 /* ChangePinHandler.swift */; };
		496788F428C8CE5400EB65A8 /* Enums.swift in Sources */ = {isa = PBXBuildFile; fileRef = 496788F328C8CE5400EB65A8 /* Enums.swift */; };
		496788F928C8CFBD00EB65A8 /* CreatePinEventEmitter.swift in Sources */ = {isa = PBXBuildFile; fileRef = 496788F728C8CFBD00EB65A8 /* CreatePinEventEmitter.swift */; };
		496788FA28C8CFBD00EB65A8 /* PinAuthenticationEventEmitter.swift in Sources */ = {isa = PBXBuildFile; fileRef = 496788F828C8CFBD00EB65A8 /* PinAuthenticationEventEmitter.swift */; };
		496788FC28CB793B00EB65A8 /* RegistrationEventEmitter.swift in Sources */ = {isa = PBXBuildFile; fileRef = 496788FB28CB793B00EB65A8 /* RegistrationEventEmitter.swift */; };
		49958F80299A760600530008 /* Mappers.swift in Sources */ = {isa = PBXBuildFile; fileRef = 49958F7F299A760600530008 /* Mappers.swift */; };
		49D3DA082A03FA9500834E9F /* ResultExtension.swift in Sources */ = {isa = PBXBuildFile; fileRef = 49D3DA072A03FA9500834E9F /* ResultExtension.swift */; };
		C78992E525816243002CA5AF /* LoginHandler.swift in Sources */ = {isa = PBXBuildFile; fileRef = C78992E425816243002CA5AF /* LoginHandler.swift */; };
		C7AA005E2558E4B80001AB19 /* RNOneginiSdk.swift in Sources */ = {isa = PBXBuildFile; fileRef = C7AA005D2558E4B80001AB19 /* RNOneginiSdk.swift */; };
		C7AA00652558E55B0001AB19 /* BridgeConnector.swift in Sources */ = {isa = PBXBuildFile; fileRef = C7AA00642558E55B0001AB19 /* BridgeConnector.swift */; };
		C7AA006C2558E5920001AB19 /* RegistrationHandler.swift in Sources */ = {isa = PBXBuildFile; fileRef = C7AA006B2558E5920001AB19 /* RegistrationHandler.swift */; };
		C7AA00982558E6D40001AB19 /* ErrorExtension.swift in Sources */ = {isa = PBXBuildFile; fileRef = C7AA00972558E6D40001AB19 /* ErrorExtension.swift */; };
		C7AA0205255925FA0001AB19 /* RNOneginiSdk.m in Sources */ = {isa = PBXBuildFile; fileRef = C7AA0204255925FA0001AB19 /* RNOneginiSdk.m */; };
		C7BD310E25AC5DC80057440C /* MobileAuthConnector.swift in Sources */ = {isa = PBXBuildFile; fileRef = C7BD310D25AC5DC80057440C /* MobileAuthConnector.swift */; };
		C7BD311125AC5DF10057440C /* MobileAuthHandler.swift in Sources */ = {isa = PBXBuildFile; fileRef = C7BD311025AC5DF10057440C /* MobileAuthHandler.swift */; };
		C7BD315925B838190057440C /* AuthenticatorsHandler.swift in Sources */ = {isa = PBXBuildFile; fileRef = C7BD315825B838190057440C /* AuthenticatorsHandler.swift */; };
		C7EF09982590C55400D14892 /* RegistrationConnector.swift in Sources */ = {isa = PBXBuildFile; fileRef = C7EF09972590C55400D14892 /* RegistrationConnector.swift */; };
		C7EF0BCB259443AA00D14892 /* ResourcesHandler.swift in Sources */ = {isa = PBXBuildFile; fileRef = C7EF0BCA259443AA00D14892 /* ResourcesHandler.swift */; };
		F0622594258CD03F00527A7D /* AppToWebHandler.swift in Sources */ = {isa = PBXBuildFile; fileRef = F0622593258CD03F00527A7D /* AppToWebHandler.swift */; };
		FE3946F41CF93FAC51868086 /* Pods_RNOneginiSdk.framework in Frameworks */ = {isa = PBXBuildFile; fileRef = AF266B258813C02324551B00 /* Pods_RNOneginiSdk.framework */; };
/* End PBXBuildFile section */

/* Begin PBXCopyFilesBuildPhase section */
		58B511D91A9E6C8500147676 /* CopyFiles */ = {
			isa = PBXCopyFilesBuildPhase;
			buildActionMask = 2147483647;
			dstPath = "include/$(PRODUCT_NAME)";
			dstSubfolderSpec = 16;
			files = (
			);
			runOnlyForDeploymentPostprocessing = 0;
		};
/* End PBXCopyFilesBuildPhase section */

/* Begin PBXFileReference section */
		05CA46825F3E575BBBEDCF92 /* Pods-RNOneginiSdk.debug.xcconfig */ = {isa = PBXFileReference; includeInIndex = 1; lastKnownFileType = text.xcconfig; name = "Pods-RNOneginiSdk.debug.xcconfig"; path = "Target Support Files/Pods-RNOneginiSdk/Pods-RNOneginiSdk.debug.xcconfig"; sourceTree = "<group>"; };
		134814201AA4EA6300B7C361 /* libRNOneginiSdk.a */ = {isa = PBXFileReference; explicitFileType = archive.ar; includeInIndex = 0; path = libRNOneginiSdk.a; sourceTree = BUILT_PRODUCTS_DIR; };
		22E60303ED99790FD7F7F103 /* Pods-RNOneginiSdk.release.xcconfig */ = {isa = PBXFileReference; includeInIndex = 1; lastKnownFileType = text.xcconfig; name = "Pods-RNOneginiSdk.release.xcconfig"; path = "Target Support Files/Pods-RNOneginiSdk/Pods-RNOneginiSdk.release.xcconfig"; sourceTree = "<group>"; };
		495554CE2A1E1A34000977EC /* OneginiSDKiOS+Extensions.swift */ = {isa = PBXFileReference; lastKnownFileType = sourcecode.swift; path = "OneginiSDKiOS+Extensions.swift"; sourceTree = "<group>"; };
		495554D02A1E24BD000977EC /* ResponseStructs.swift */ = {isa = PBXFileReference; lastKnownFileType = sourcecode.swift; path = ResponseStructs.swift; sourceTree = "<group>"; };
		4960B01328DDAB830072B103 /* OneginiWrapperErrors.swift */ = {isa = PBXFileReference; lastKnownFileType = sourcecode.swift; path = OneginiWrapperErrors.swift; sourceTree = "<group>"; };
		496788EC28C8CD0100EB65A8 /* ChangePinHandler.swift */ = {isa = PBXFileReference; fileEncoding = 4; lastKnownFileType = sourcecode.swift; path = ChangePinHandler.swift; sourceTree = "<group>"; };
		496788F328C8CE5400EB65A8 /* Enums.swift */ = {isa = PBXFileReference; fileEncoding = 4; lastKnownFileType = sourcecode.swift; path = Enums.swift; sourceTree = "<group>"; };
		496788F728C8CFBD00EB65A8 /* CreatePinEventEmitter.swift */ = {isa = PBXFileReference; fileEncoding = 4; lastKnownFileType = sourcecode.swift; path = CreatePinEventEmitter.swift; sourceTree = "<group>"; };
		496788F828C8CFBD00EB65A8 /* PinAuthenticationEventEmitter.swift */ = {isa = PBXFileReference; fileEncoding = 4; lastKnownFileType = sourcecode.swift; path = PinAuthenticationEventEmitter.swift; sourceTree = "<group>"; };
		496788FB28CB793B00EB65A8 /* RegistrationEventEmitter.swift */ = {isa = PBXFileReference; lastKnownFileType = sourcecode.swift; path = RegistrationEventEmitter.swift; sourceTree = "<group>"; };
		49958F7F299A760600530008 /* Mappers.swift */ = {isa = PBXFileReference; lastKnownFileType = sourcecode.swift; path = Mappers.swift; sourceTree = "<group>"; };
		49D3DA072A03FA9500834E9F /* ResultExtension.swift */ = {isa = PBXFileReference; lastKnownFileType = sourcecode.swift; path = ResultExtension.swift; sourceTree = "<group>"; };
		AF266B258813C02324551B00 /* Pods_RNOneginiSdk.framework */ = {isa = PBXFileReference; explicitFileType = wrapper.framework; includeInIndex = 0; path = Pods_RNOneginiSdk.framework; sourceTree = BUILT_PRODUCTS_DIR; };
		C78992E425816243002CA5AF /* LoginHandler.swift */ = {isa = PBXFileReference; lastKnownFileType = sourcecode.swift; path = LoginHandler.swift; sourceTree = "<group>"; };
		C7AA005C2558E4B70001AB19 /* RNOneginiSdk-Bridging-Header.h */ = {isa = PBXFileReference; lastKnownFileType = sourcecode.c.h; path = "RNOneginiSdk-Bridging-Header.h"; sourceTree = "<group>"; };
		C7AA005D2558E4B80001AB19 /* RNOneginiSdk.swift */ = {isa = PBXFileReference; lastKnownFileType = sourcecode.swift; path = RNOneginiSdk.swift; sourceTree = "<group>"; };
		C7AA00642558E55B0001AB19 /* BridgeConnector.swift */ = {isa = PBXFileReference; lastKnownFileType = sourcecode.swift; path = BridgeConnector.swift; sourceTree = "<group>"; };
		C7AA006B2558E5920001AB19 /* RegistrationHandler.swift */ = {isa = PBXFileReference; lastKnownFileType = sourcecode.swift; path = RegistrationHandler.swift; sourceTree = "<group>"; };
		C7AA00972558E6D40001AB19 /* ErrorExtension.swift */ = {isa = PBXFileReference; lastKnownFileType = sourcecode.swift; path = ErrorExtension.swift; sourceTree = "<group>"; };
		C7AA0204255925FA0001AB19 /* RNOneginiSdk.m */ = {isa = PBXFileReference; fileEncoding = 4; lastKnownFileType = sourcecode.c.objc; path = RNOneginiSdk.m; sourceTree = "<group>"; };
		C7BD310D25AC5DC80057440C /* MobileAuthConnector.swift */ = {isa = PBXFileReference; lastKnownFileType = sourcecode.swift; path = MobileAuthConnector.swift; sourceTree = "<group>"; };
		C7BD311025AC5DF10057440C /* MobileAuthHandler.swift */ = {isa = PBXFileReference; lastKnownFileType = sourcecode.swift; path = MobileAuthHandler.swift; sourceTree = "<group>"; };
		C7BD315825B838190057440C /* AuthenticatorsHandler.swift */ = {isa = PBXFileReference; lastKnownFileType = sourcecode.swift; path = AuthenticatorsHandler.swift; sourceTree = "<group>"; };
		C7EF09972590C55400D14892 /* RegistrationConnector.swift */ = {isa = PBXFileReference; lastKnownFileType = sourcecode.swift; path = RegistrationConnector.swift; sourceTree = "<group>"; };
		C7EF0BCA259443AA00D14892 /* ResourcesHandler.swift */ = {isa = PBXFileReference; lastKnownFileType = sourcecode.swift; path = ResourcesHandler.swift; sourceTree = "<group>"; };
		F0622593258CD03F00527A7D /* AppToWebHandler.swift */ = {isa = PBXFileReference; fileEncoding = 4; lastKnownFileType = sourcecode.swift; path = AppToWebHandler.swift; sourceTree = "<group>"; };
/* End PBXFileReference section */

/* Begin PBXFrameworksBuildPhase section */
		58B511D81A9E6C8500147676 /* Frameworks */ = {
			isa = PBXFrameworksBuildPhase;
			buildActionMask = 2147483647;
			files = (
				FE3946F41CF93FAC51868086 /* Pods_RNOneginiSdk.framework in Frameworks */,
			);
			runOnlyForDeploymentPostprocessing = 0;
		};
/* End PBXFrameworksBuildPhase section */

/* Begin PBXGroup section */
		05AD94A57AD4F908E386C029 /* Frameworks */ = {
			isa = PBXGroup;
			children = (
				AF266B258813C02324551B00 /* Pods_RNOneginiSdk.framework */,
			);
			name = Frameworks;
			sourceTree = "<group>";
		};
		134814211AA4EA7D00B7C361 /* Products */ = {
			isa = PBXGroup;
			children = (
				134814201AA4EA6300B7C361 /* libRNOneginiSdk.a */,
			);
			name = Products;
			sourceTree = "<group>";
		};
		496788F628C8CF9900EB65A8 /* EventEmitters */ = {
			isa = PBXGroup;
			children = (
				496788F728C8CFBD00EB65A8 /* CreatePinEventEmitter.swift */,
				496788F828C8CFBD00EB65A8 /* PinAuthenticationEventEmitter.swift */,
				496788FB28CB793B00EB65A8 /* RegistrationEventEmitter.swift */,
			);
			path = EventEmitters;
			sourceTree = "<group>";
		};
		49958F7E299A75EB00530008 /* Helpers */ = {
			isa = PBXGroup;
			children = (
				49958F7F299A760600530008 /* Mappers.swift */,
			);
			path = Helpers;
			sourceTree = "<group>";
		};
		58B511D21A9E6C8500147676 = {
			isa = PBXGroup;
			children = (
				49958F7E299A75EB00530008 /* Helpers */,
				C7AA00962558E6C10001AB19 /* Extensions */,
				C7AA006A2558E5730001AB19 /* Handlers */,
				C7AA00632558E54D0001AB19 /* Connectors */,
				C7AA005D2558E4B80001AB19 /* RNOneginiSdk.swift */,
				C7AA0204255925FA0001AB19 /* RNOneginiSdk.m */,
				496788F328C8CE5400EB65A8 /* Enums.swift */,
				495554D02A1E24BD000977EC /* ResponseStructs.swift */,
				4960B01328DDAB830072B103 /* OneginiWrapperErrors.swift */,
				134814211AA4EA7D00B7C361 /* Products */,
				C7AA005C2558E4B70001AB19 /* RNOneginiSdk-Bridging-Header.h */,
				803B96B0C211E76E8E1B90DE /* Pods */,
				05AD94A57AD4F908E386C029 /* Frameworks */,
			);
			sourceTree = "<group>";
		};
		803B96B0C211E76E8E1B90DE /* Pods */ = {
			isa = PBXGroup;
			children = (
				05CA46825F3E575BBBEDCF92 /* Pods-RNOneginiSdk.debug.xcconfig */,
				22E60303ED99790FD7F7F103 /* Pods-RNOneginiSdk.release.xcconfig */,
			);
			path = Pods;
			sourceTree = "<group>";
		};
		C7AA00632558E54D0001AB19 /* Connectors */ = {
			isa = PBXGroup;
			children = (
				C7AA00642558E55B0001AB19 /* BridgeConnector.swift */,
				C7EF09972590C55400D14892 /* RegistrationConnector.swift */,
				C7BD310D25AC5DC80057440C /* MobileAuthConnector.swift */,
			);
			path = Connectors;
			sourceTree = "<group>";
		};
		C7AA006A2558E5730001AB19 /* Handlers */ = {
			isa = PBXGroup;
			children = (
				496788F628C8CF9900EB65A8 /* EventEmitters */,
				496788EC28C8CD0100EB65A8 /* ChangePinHandler.swift */,
				F0622593258CD03F00527A7D /* AppToWebHandler.swift */,
				C7AA006B2558E5920001AB19 /* RegistrationHandler.swift */,
				C78992E425816243002CA5AF /* LoginHandler.swift */,
				C7EF0BCA259443AA00D14892 /* ResourcesHandler.swift */,
				C7BD311025AC5DF10057440C /* MobileAuthHandler.swift */,
				C7BD315825B838190057440C /* AuthenticatorsHandler.swift */,
			);
			path = Handlers;
			sourceTree = "<group>";
		};
		C7AA00962558E6C10001AB19 /* Extensions */ = {
			isa = PBXGroup;
			children = (
				C7AA00972558E6D40001AB19 /* ErrorExtension.swift */,
				49D3DA072A03FA9500834E9F /* ResultExtension.swift */,
				495554CE2A1E1A34000977EC /* OneginiSDKiOS+Extensions.swift */,
			);
			path = Extensions;
			sourceTree = "<group>";
		};
/* End PBXGroup section */

/* Begin PBXNativeTarget section */
		58B511DA1A9E6C8500147676 /* RNOneginiSdk */ = {
			isa = PBXNativeTarget;
			buildConfigurationList = 58B511EF1A9E6C8500147676 /* Build configuration list for PBXNativeTarget "RNOneginiSdk" */;
			buildPhases = (
				4F4FE0AAB86C49B90850CAB3 /* [CP] Check Pods Manifest.lock */,
				58B511D71A9E6C8500147676 /* Sources */,
				58B511D81A9E6C8500147676 /* Frameworks */,
				58B511D91A9E6C8500147676 /* CopyFiles */,
				4951BE0F29ACE242005DD214 /* ShellScript */,
			);
			buildRules = (
			);
			dependencies = (
			);
			name = RNOneginiSdk;
			productName = RCTDataManager;
			productReference = 134814201AA4EA6300B7C361 /* libRNOneginiSdk.a */;
			productType = "com.apple.product-type.library.static";
		};
/* End PBXNativeTarget section */

/* Begin PBXProject section */
		58B511D31A9E6C8500147676 /* Project object */ = {
			isa = PBXProject;
			attributes = {
				LastUpgradeCheck = 0920;
				ORGANIZATIONNAME = Facebook;
				TargetAttributes = {
					58B511DA1A9E6C8500147676 = {
						CreatedOnToolsVersion = 6.1.1;
						LastSwiftMigration = 1210;
					};
				};
			};
			buildConfigurationList = 58B511D61A9E6C8500147676 /* Build configuration list for PBXProject "RNOneginiSdk" */;
			compatibilityVersion = "Xcode 3.2";
			developmentRegion = en;
			hasScannedForEncodings = 0;
			knownRegions = (
				en,
				Base,
			);
			mainGroup = 58B511D21A9E6C8500147676;
			productRefGroup = 58B511D21A9E6C8500147676;
			projectDirPath = "";
			projectRoot = "";
			targets = (
				58B511DA1A9E6C8500147676 /* RNOneginiSdk */,
			);
		};
/* End PBXProject section */

/* Begin PBXShellScriptBuildPhase section */
		4951BE0F29ACE242005DD214 /* ShellScript */ = {
			isa = PBXShellScriptBuildPhase;
			buildActionMask = 2147483647;
			files = (
			);
			inputFileListPaths = (
			);
			inputPaths = (
			);
			outputFileListPaths = (
			);
			outputPaths = (
			);
			runOnlyForDeploymentPostprocessing = 0;
			shellPath = /bin/sh;
			shellScript = "${PODS_ROOT}/SwiftLint/swiftlint --fix && ${PODS_ROOT}/SwiftLint/swiftlint\n";
		};
		4F4FE0AAB86C49B90850CAB3 /* [CP] Check Pods Manifest.lock */ = {
			isa = PBXShellScriptBuildPhase;
			buildActionMask = 2147483647;
			files = (
			);
			inputFileListPaths = (
			);
			inputPaths = (
				"${PODS_PODFILE_DIR_PATH}/Podfile.lock",
				"${PODS_ROOT}/Manifest.lock",
			);
			name = "[CP] Check Pods Manifest.lock";
			outputFileListPaths = (
			);
			outputPaths = (
				"$(DERIVED_FILE_DIR)/Pods-RNOneginiSdk-checkManifestLockResult.txt",
			);
			runOnlyForDeploymentPostprocessing = 0;
			shellPath = /bin/sh;
			shellScript = "diff \"${PODS_PODFILE_DIR_PATH}/Podfile.lock\" \"${PODS_ROOT}/Manifest.lock\" > /dev/null\nif [ $? != 0 ] ; then\n    # print error to STDERR\n    echo \"error: The sandbox is not in sync with the Podfile.lock. Run 'pod install' or update your CocoaPods installation.\" >&2\n    exit 1\nfi\n# This output is used by Xcode 'outputs' to avoid re-running this script phase.\necho \"SUCCESS\" > \"${SCRIPT_OUTPUT_FILE_0}\"\n";
			showEnvVarsInLog = 0;
		};
/* End PBXShellScriptBuildPhase section */

/* Begin PBXSourcesBuildPhase section */
		58B511D71A9E6C8500147676 /* Sources */ = {
			isa = PBXSourcesBuildPhase;
			buildActionMask = 2147483647;
			files = (
				C7AA00982558E6D40001AB19 /* ErrorExtension.swift in Sources */,
				496788ED28C8CD0100EB65A8 /* ChangePinHandler.swift in Sources */,
				496788FA28C8CFBD00EB65A8 /* PinAuthenticationEventEmitter.swift in Sources */,
				C7EF0BCB259443AA00D14892 /* ResourcesHandler.swift in Sources */,
				496788F428C8CE5400EB65A8 /* Enums.swift in Sources */,
				F0622594258CD03F00527A7D /* AppToWebHandler.swift in Sources */,
				C7BD311125AC5DF10057440C /* MobileAuthHandler.swift in Sources */,
				495554CF2A1E1A34000977EC /* OneginiSDKiOS+Extensions.swift in Sources */,
				496788FC28CB793B00EB65A8 /* RegistrationEventEmitter.swift in Sources */,
				C7AA00652558E55B0001AB19 /* BridgeConnector.swift in Sources */,
				C7AA0205255925FA0001AB19 /* RNOneginiSdk.m in Sources */,
				C7BD310E25AC5DC80057440C /* MobileAuthConnector.swift in Sources */,
				C7AA005E2558E4B80001AB19 /* RNOneginiSdk.swift in Sources */,
				C7BD315925B838190057440C /* AuthenticatorsHandler.swift in Sources */,
				C7EF09982590C55400D14892 /* RegistrationConnector.swift in Sources */,
				4960B01428DDAB830072B103 /* OneginiWrapperErrors.swift in Sources */,
				496788F928C8CFBD00EB65A8 /* CreatePinEventEmitter.swift in Sources */,
				49D3DA082A03FA9500834E9F /* ResultExtension.swift in Sources */,
				C78992E525816243002CA5AF /* LoginHandler.swift in Sources */,
				C7AA006C2558E5920001AB19 /* RegistrationHandler.swift in Sources */,
				495554D12A1E24BD000977EC /* ResponseStructs.swift in Sources */,
				49958F80299A760600530008 /* Mappers.swift in Sources */,
			);
			runOnlyForDeploymentPostprocessing = 0;
		};
/* End PBXSourcesBuildPhase section */

/* Begin XCBuildConfiguration section */
		58B511ED1A9E6C8500147676 /* Debug */ = {
			isa = XCBuildConfiguration;
			buildSettings = {
				ALWAYS_SEARCH_USER_PATHS = NO;
				CLANG_ANALYZER_NONNULL = YES;
				CLANG_CXX_LANGUAGE_STANDARD = "c++17";
				CLANG_CXX_LIBRARY = "libc++";
				CLANG_ENABLE_MODULES = YES;
				CLANG_ENABLE_OBJC_ARC = YES;
				CLANG_WARN_BLOCK_CAPTURE_AUTORELEASING = YES;
				CLANG_WARN_BOOL_CONVERSION = YES;
				CLANG_WARN_COMMA = YES;
				CLANG_WARN_CONSTANT_CONVERSION = YES;
				CLANG_WARN_DEPRECATED_OBJC_IMPLEMENTATIONS = YES;
				CLANG_WARN_DIRECT_OBJC_ISA_USAGE = YES_ERROR;
				CLANG_WARN_EMPTY_BODY = YES;
				CLANG_WARN_ENUM_CONVERSION = YES;
				CLANG_WARN_INFINITE_RECURSION = YES;
				CLANG_WARN_INT_CONVERSION = YES;
				CLANG_WARN_NON_LITERAL_NULL_CONVERSION = YES;
				CLANG_WARN_OBJC_IMPLICIT_RETAIN_SELF = YES;
				CLANG_WARN_OBJC_LITERAL_CONVERSION = YES;
				CLANG_WARN_OBJC_ROOT_CLASS = YES_ERROR;
				CLANG_WARN_RANGE_LOOP_ANALYSIS = YES;
				CLANG_WARN_STRICT_PROTOTYPES = YES;
				CLANG_WARN_SUSPICIOUS_MOVE = YES;
				CLANG_WARN_UNREACHABLE_CODE = YES;
				CLANG_WARN__DUPLICATE_METHOD_MATCH = YES;
				COPY_PHASE_STRIP = NO;
				ENABLE_STRICT_OBJC_MSGSEND = YES;
				ENABLE_TESTABILITY = YES;
				EXCLUDED_ARCHS = "";
				"EXCLUDED_ARCHS[sdk=iphonesimulator*]" = i386;
				GCC_C_LANGUAGE_STANDARD = gnu99;
				GCC_DYNAMIC_NO_PIC = NO;
				GCC_NO_COMMON_BLOCKS = YES;
				GCC_OPTIMIZATION_LEVEL = 0;
				GCC_PREPROCESSOR_DEFINITIONS = (
					"DEBUG=1",
					"$(inherited)",
				);
				GCC_SYMBOLS_PRIVATE_EXTERN = NO;
				GCC_WARN_64_TO_32_BIT_CONVERSION = YES;
				GCC_WARN_ABOUT_RETURN_TYPE = YES_ERROR;
				GCC_WARN_UNDECLARED_SELECTOR = YES;
				GCC_WARN_UNINITIALIZED_AUTOS = YES_AGGRESSIVE;
				GCC_WARN_UNUSED_FUNCTION = YES;
				GCC_WARN_UNUSED_VARIABLE = YES;
				IPHONEOS_DEPLOYMENT_TARGET = 10.0;
				LD_RUNPATH_SEARCH_PATHS = "/usr/lib/swift $(inherited)";
				LIBRARY_SEARCH_PATHS = (
					"$(SDKROOT)/usr/lib/swift",
					"\"$(TOOLCHAIN_DIR)/usr/lib/swift/$(PLATFORM_NAME)\"",
					"\"$(inherited)\"",
				);
				MTL_ENABLE_DEBUG_INFO = YES;
				ONLY_ACTIVE_ARCH = YES;
				REACT_NATIVE_PATH = "${PODS_ROOT}/../../node_modules/react-native";
				SDKROOT = iphoneos;
			};
			name = Debug;
		};
		58B511EE1A9E6C8500147676 /* Release */ = {
			isa = XCBuildConfiguration;
			buildSettings = {
				ALWAYS_SEARCH_USER_PATHS = NO;
				CLANG_ANALYZER_NONNULL = YES;
				CLANG_CXX_LANGUAGE_STANDARD = "c++17";
				CLANG_CXX_LIBRARY = "libc++";
				CLANG_ENABLE_MODULES = YES;
				CLANG_ENABLE_OBJC_ARC = YES;
				CLANG_WARN_BLOCK_CAPTURE_AUTORELEASING = YES;
				CLANG_WARN_BOOL_CONVERSION = YES;
				CLANG_WARN_COMMA = YES;
				CLANG_WARN_CONSTANT_CONVERSION = YES;
				CLANG_WARN_DEPRECATED_OBJC_IMPLEMENTATIONS = YES;
				CLANG_WARN_DIRECT_OBJC_ISA_USAGE = YES_ERROR;
				CLANG_WARN_EMPTY_BODY = YES;
				CLANG_WARN_ENUM_CONVERSION = YES;
				CLANG_WARN_INFINITE_RECURSION = YES;
				CLANG_WARN_INT_CONVERSION = YES;
				CLANG_WARN_NON_LITERAL_NULL_CONVERSION = YES;
				CLANG_WARN_OBJC_IMPLICIT_RETAIN_SELF = YES;
				CLANG_WARN_OBJC_LITERAL_CONVERSION = YES;
				CLANG_WARN_OBJC_ROOT_CLASS = YES_ERROR;
				CLANG_WARN_RANGE_LOOP_ANALYSIS = YES;
				CLANG_WARN_STRICT_PROTOTYPES = YES;
				CLANG_WARN_SUSPICIOUS_MOVE = YES;
				CLANG_WARN_UNREACHABLE_CODE = YES;
				CLANG_WARN__DUPLICATE_METHOD_MATCH = YES;
				COPY_PHASE_STRIP = YES;
				ENABLE_NS_ASSERTIONS = NO;
				ENABLE_STRICT_OBJC_MSGSEND = YES;
				EXCLUDED_ARCHS = "";
				"EXCLUDED_ARCHS[sdk=iphonesimulator*]" = i386;
				GCC_C_LANGUAGE_STANDARD = gnu99;
				GCC_NO_COMMON_BLOCKS = YES;
				GCC_WARN_64_TO_32_BIT_CONVERSION = YES;
				GCC_WARN_ABOUT_RETURN_TYPE = YES_ERROR;
				GCC_WARN_UNDECLARED_SELECTOR = YES;
				GCC_WARN_UNINITIALIZED_AUTOS = YES_AGGRESSIVE;
				GCC_WARN_UNUSED_FUNCTION = YES;
				GCC_WARN_UNUSED_VARIABLE = YES;
				IPHONEOS_DEPLOYMENT_TARGET = 10.0;
				LD_RUNPATH_SEARCH_PATHS = "/usr/lib/swift $(inherited)";
				LIBRARY_SEARCH_PATHS = (
					"$(SDKROOT)/usr/lib/swift",
					"\"$(TOOLCHAIN_DIR)/usr/lib/swift/$(PLATFORM_NAME)\"",
					"\"$(inherited)\"",
				);
				MTL_ENABLE_DEBUG_INFO = NO;
				REACT_NATIVE_PATH = "${PODS_ROOT}/../../node_modules/react-native";
				SDKROOT = iphoneos;
				VALIDATE_PRODUCT = YES;
			};
			name = Release;
		};
		58B511F01A9E6C8500147676 /* Debug */ = {
			isa = XCBuildConfiguration;
			baseConfigurationReference = 05CA46825F3E575BBBEDCF92 /* Pods-RNOneginiSdk.debug.xcconfig */;
			buildSettings = {
				CLANG_ENABLE_MODULES = YES;
				ENABLE_BITCODE = NO;
				HEADER_SEARCH_PATHS = (
					"$(inherited)",
					/Applications/Xcode.app/Contents/Developer/Toolchains/XcodeDefault.xctoolchain/usr/include,
					"$(SRCROOT)/../../../React/**",
					"$(SRCROOT)/../../react-native/React/**",
				);
				LD_RUNPATH_SEARCH_PATHS = "$(inherited) @executable_path/Frameworks @loader_path/Frameworks";
				LIBRARY_SEARCH_PATHS = "$(SDKROOT)/usr/lib/swift$(inherited)";
				OTHER_LDFLAGS = "-ObjC";
				PRODUCT_NAME = RNOneginiSdk;
				SKIP_INSTALL = YES;
				SWIFT_OBJC_BRIDGING_HEADER = "RNOneginiSdk-Bridging-Header.h";
				SWIFT_OPTIMIZATION_LEVEL = "-Onone";
				SWIFT_VERSION = 5.0;
			};
			name = Debug;
		};
		58B511F11A9E6C8500147676 /* Release */ = {
			isa = XCBuildConfiguration;
			baseConfigurationReference = 22E60303ED99790FD7F7F103 /* Pods-RNOneginiSdk.release.xcconfig */;
			buildSettings = {
				CLANG_ENABLE_MODULES = YES;
				ENABLE_BITCODE = NO;
				HEADER_SEARCH_PATHS = (
					"$(inherited)",
					/Applications/Xcode.app/Contents/Developer/Toolchains/XcodeDefault.xctoolchain/usr/include,
					"$(SRCROOT)/../../../React/**",
					"$(SRCROOT)/../../react-native/React/**",
				);
				LD_RUNPATH_SEARCH_PATHS = "$(inherited) @executable_path/Frameworks @loader_path/Frameworks";
				LIBRARY_SEARCH_PATHS = "$(SDKROOT)/usr/lib/swift$(inherited)";
				OTHER_LDFLAGS = "-ObjC";
				PRODUCT_NAME = RNOneginiSdk;
				SKIP_INSTALL = YES;
				SWIFT_OBJC_BRIDGING_HEADER = "RNOneginiSdk-Bridging-Header.h";
				SWIFT_VERSION = 5.0;
			};
			name = Release;
		};
/* End XCBuildConfiguration section */

/* Begin XCConfigurationList section */
		58B511D61A9E6C8500147676 /* Build configuration list for PBXProject "RNOneginiSdk" */ = {
			isa = XCConfigurationList;
			buildConfigurations = (
				58B511ED1A9E6C8500147676 /* Debug */,
				58B511EE1A9E6C8500147676 /* Release */,
			);
			defaultConfigurationIsVisible = 0;
			defaultConfigurationName = Release;
		};
		58B511EF1A9E6C8500147676 /* Build configuration list for PBXNativeTarget "RNOneginiSdk" */ = {
			isa = XCConfigurationList;
			buildConfigurations = (
				58B511F01A9E6C8500147676 /* Debug */,
				58B511F11A9E6C8500147676 /* Release */,
			);
			defaultConfigurationIsVisible = 0;
			defaultConfigurationName = Release;
		};
/* End XCConfigurationList section */
	};
	rootObject = 58B511D31A9E6C8500147676 /* Project object */;
}
